// !$*UTF8*$!
{
	archiveVersion = 1;
	classes = {
	};
	objectVersion = 46;
	objects = {

/* Begin PBXBuildFile section */
		3B45EA5215952BEA001403D0 /* MyLocationEntity.m in Sources */ = {isa = PBXBuildFile; fileRef = 3B45EA5115952BEA001403D0 /* MyLocationEntity.m */; };
		3B979EB3159390C30017376D /* UIKit.framework in Frameworks */ = {isa = PBXBuildFile; fileRef = 3B979EB2159390C30017376D /* UIKit.framework */; };
		3B979EB5159390C30017376D /* Foundation.framework in Frameworks */ = {isa = PBXBuildFile; fileRef = 3B979EB4159390C30017376D /* Foundation.framework */; };
		3B979EB7159390C30017376D /* CoreData.framework in Frameworks */ = {isa = PBXBuildFile; fileRef = 3B979EB6159390C30017376D /* CoreData.framework */; };
		3B979EBD159390C30017376D /* InfoPlist.strings in Resources */ = {isa = PBXBuildFile; fileRef = 3B979EBB159390C30017376D /* InfoPlist.strings */; };
		3B979EBF159390C30017376D /* main.m in Sources */ = {isa = PBXBuildFile; fileRef = 3B979EBE159390C30017376D /* main.m */; };
		3B979EC3159390C30017376D /* NearestMeAppDelegate.m in Sources */ = {isa = PBXBuildFile; fileRef = 3B979EC2159390C30017376D /* NearestMeAppDelegate.m */; };
		3B979EC6159390C30017376D /* NearestMe.xcdatamodeld in Sources */ = {isa = PBXBuildFile; fileRef = 3B979EC4159390C30017376D /* NearestMe.xcdatamodeld */; };
		3B979ECE159391410017376D /* MyLocListTableViewController.m in Sources */ = {isa = PBXBuildFile; fileRef = 3B979ECD159391410017376D /* MyLocListTableViewController.m */; };
		3B979ED2159391730017376D /* NearestLocationViewController.m in Sources */ = {isa = PBXBuildFile; fileRef = 3B979ED0159391730017376D /* NearestLocationViewController.m */; };
		3B979ED3159391730017376D /* NearestLocationViewController.xib in Resources */ = {isa = PBXBuildFile; fileRef = 3B979ED1159391730017376D /* NearestLocationViewController.xib */; };
		3B979EDD159393FF0017376D /* 103-map.png in Resources */ = {isa = PBXBuildFile; fileRef = 3B979EDC159393FF0017376D /* 103-map.png */; };
		3B979EDF159394060017376D /* 74-location.png in Resources */ = {isa = PBXBuildFile; fileRef = 3B979EDE159394060017376D /* 74-location.png */; };
		C305109C1594A634005ADFCE /* CoreLocation.framework in Frameworks */ = {isa = PBXBuildFile; fileRef = C305109B1594A634005ADFCE /* CoreLocation.framework */; };
		C305109F1594A63C005ADFCE /* MapKit.framework in Frameworks */ = {isa = PBXBuildFile; fileRef = C305109E1594A63C005ADFCE /* MapKit.framework */; };
		C30510BF1594B64B005ADFCE /* NewLocationEntryViewController.m in Sources */ = {isa = PBXBuildFile; fileRef = C30510BD1594B64B005ADFCE /* NewLocationEntryViewController.m */; };
		C30510C01594B64B005ADFCE /* NewLocationEntryViewController.xib in Resources */ = {isa = PBXBuildFile; fileRef = C30510BE1594B64B005ADFCE /* NewLocationEntryViewController.xib */; };
		C30510C71594CA86005ADFCE /* LocationEntityAnnotation.m in Sources */ = {isa = PBXBuildFile; fileRef = C30510C61594CA86005ADFCE /* LocationEntityAnnotation.m */; };
/* End PBXBuildFile section */

/* Begin PBXFileReference section */
		3B45EA5015952BE9001403D0 /* MyLocationEntity.h */ = {isa = PBXFileReference; fileEncoding = 4; lastKnownFileType = sourcecode.c.h; path = MyLocationEntity.h; sourceTree = "<group>"; };
		3B45EA5115952BEA001403D0 /* MyLocationEntity.m */ = {isa = PBXFileReference; fileEncoding = 4; lastKnownFileType = sourcecode.c.objc; path = MyLocationEntity.m; sourceTree = "<group>"; };
		3B979EAE159390C30017376D /* NearestMe.app */ = {isa = PBXFileReference; explicitFileType = wrapper.application; includeInIndex = 0; path = NearestMe.app; sourceTree = BUILT_PRODUCTS_DIR; };
		3B979EB2159390C30017376D /* UIKit.framework */ = {isa = PBXFileReference; lastKnownFileType = wrapper.framework; name = UIKit.framework; path = System/Library/Frameworks/UIKit.framework; sourceTree = SDKROOT; };
		3B979EB4159390C30017376D /* Foundation.framework */ = {isa = PBXFileReference; lastKnownFileType = wrapper.framework; name = Foundation.framework; path = System/Library/Frameworks/Foundation.framework; sourceTree = SDKROOT; };
		3B979EB6159390C30017376D /* CoreData.framework */ = {isa = PBXFileReference; lastKnownFileType = wrapper.framework; name = CoreData.framework; path = System/Library/Frameworks/CoreData.framework; sourceTree = SDKROOT; };
		3B979EBA159390C30017376D /* NearestMe-Info.plist */ = {isa = PBXFileReference; lastKnownFileType = text.plist.xml; path = "NearestMe-Info.plist"; sourceTree = "<group>"; };
		3B979EBC159390C30017376D /* en */ = {isa = PBXFileReference; lastKnownFileType = text.plist.strings; name = en; path = en.lproj/InfoPlist.strings; sourceTree = "<group>"; };
		3B979EBE159390C30017376D /* main.m */ = {isa = PBXFileReference; lastKnownFileType = sourcecode.c.objc; path = main.m; sourceTree = "<group>"; };
		3B979EC0159390C30017376D /* NearestMe-Prefix.pch */ = {isa = PBXFileReference; lastKnownFileType = sourcecode.c.h; path = "NearestMe-Prefix.pch"; sourceTree = "<group>"; };
		3B979EC1159390C30017376D /* NearestMeAppDelegate.h */ = {isa = PBXFileReference; lastKnownFileType = sourcecode.c.h; path = NearestMeAppDelegate.h; sourceTree = "<group>"; };
		3B979EC2159390C30017376D /* NearestMeAppDelegate.m */ = {isa = PBXFileReference; lastKnownFileType = sourcecode.c.objc; path = NearestMeAppDelegate.m; sourceTree = "<group>"; };
		3B979EC5159390C30017376D /* NearestMe.xcdatamodel */ = {isa = PBXFileReference; lastKnownFileType = wrapper.xcdatamodel; path = NearestMe.xcdatamodel; sourceTree = "<group>"; };
		3B979ECC159391410017376D /* MyLocListTableViewController.h */ = {isa = PBXFileReference; fileEncoding = 4; lastKnownFileType = sourcecode.c.h; path = MyLocListTableViewController.h; sourceTree = "<group>"; };
		3B979ECD159391410017376D /* MyLocListTableViewController.m */ = {isa = PBXFileReference; fileEncoding = 4; lastKnownFileType = sourcecode.c.objc; path = MyLocListTableViewController.m; sourceTree = "<group>"; };
		3B979ECF159391730017376D /* NearestLocationViewController.h */ = {isa = PBXFileReference; fileEncoding = 4; lastKnownFileType = sourcecode.c.h; path = NearestLocationViewController.h; sourceTree = "<group>"; };
		3B979ED0159391730017376D /* NearestLocationViewController.m */ = {isa = PBXFileReference; fileEncoding = 4; lastKnownFileType = sourcecode.c.objc; path = NearestLocationViewController.m; sourceTree = "<group>"; };
		3B979ED1159391730017376D /* NearestLocationViewController.xib */ = {isa = PBXFileReference; fileEncoding = 4; lastKnownFileType = file.xib; path = NearestLocationViewController.xib; sourceTree = "<group>"; };
		3B979EDC159393FF0017376D /* 103-map.png */ = {isa = PBXFileReference; lastKnownFileType = image.png; path = "103-map.png"; sourceTree = "<group>"; };
		3B979EDE159394060017376D /* 74-location.png */ = {isa = PBXFileReference; lastKnownFileType = image.png; path = "74-location.png"; sourceTree = "<group>"; };
		C305109B1594A634005ADFCE /* CoreLocation.framework */ = {isa = PBXFileReference; lastKnownFileType = wrapper.framework; name = CoreLocation.framework; path = System/Library/Frameworks/CoreLocation.framework; sourceTree = SDKROOT; };
		C305109E1594A63C005ADFCE /* MapKit.framework */ = {isa = PBXFileReference; lastKnownFileType = wrapper.framework; name = MapKit.framework; path = System/Library/Frameworks/MapKit.framework; sourceTree = SDKROOT; };
		C30510BC1594B64B005ADFCE /* NewLocationEntryViewController.h */ = {isa = PBXFileReference; fileEncoding = 4; lastKnownFileType = sourcecode.c.h; path = NewLocationEntryViewController.h; sourceTree = "<group>"; };
		C30510BD1594B64B005ADFCE /* NewLocationEntryViewController.m */ = {isa = PBXFileReference; fileEncoding = 4; lastKnownFileType = sourcecode.c.objc; path = NewLocationEntryViewController.m; sourceTree = "<group>"; };
		C30510BE1594B64B005ADFCE /* NewLocationEntryViewController.xib */ = {isa = PBXFileReference; fileEncoding = 4; lastKnownFileType = file.xib; path = NewLocationEntryViewController.xib; sourceTree = "<group>"; };
		C30510C51594CA86005ADFCE /* LocationEntityAnnotation.h */ = {isa = PBXFileReference; fileEncoding = 4; lastKnownFileType = sourcecode.c.h; path = LocationEntityAnnotation.h; sourceTree = "<group>"; };
		C30510C61594CA86005ADFCE /* LocationEntityAnnotation.m */ = {isa = PBXFileReference; fileEncoding = 4; lastKnownFileType = sourcecode.c.objc; path = LocationEntityAnnotation.m; sourceTree = "<group>"; };
/* End PBXFileReference section */

/* Begin PBXFrameworksBuildPhase section */
		3B979EAB159390C30017376D /* Frameworks */ = {
			isa = PBXFrameworksBuildPhase;
			buildActionMask = 2147483647;
			files = (
				C305109F1594A63C005ADFCE /* MapKit.framework in Frameworks */,
				C305109C1594A634005ADFCE /* CoreLocation.framework in Frameworks */,
				3B979EB3159390C30017376D /* UIKit.framework in Frameworks */,
				3B979EB5159390C30017376D /* Foundation.framework in Frameworks */,
				3B979EB7159390C30017376D /* CoreData.framework in Frameworks */,
			);
			runOnlyForDeploymentPostprocessing = 0;
		};
/* End PBXFrameworksBuildPhase section */

/* Begin PBXGroup section */
		3B45EA491594F0DA001403D0 /* NewLocationEntryVC */ = {
			isa = PBXGroup;
			children = (
				C30510BC1594B64B005ADFCE /* NewLocationEntryViewController.h */,
				C30510BD1594B64B005ADFCE /* NewLocationEntryViewController.m */,
				C30510BE1594B64B005ADFCE /* NewLocationEntryViewController.xib */,
			);
			name = NewLocationEntryVC;
			sourceTree = "<group>";
		};
		3B979EA3159390C30017376D = {
			isa = PBXGroup;
			children = (
				C305109E1594A63C005ADFCE /* MapKit.framework */,
				C305109B1594A634005ADFCE /* CoreLocation.framework */,
				3B979EB8159390C30017376D /* NearestMe */,
				3B979EB1159390C30017376D /* Frameworks */,
				3B979EAF159390C30017376D /* Products */,
			);
			sourceTree = "<group>";
		};
		3B979EAF159390C30017376D /* Products */ = {
			isa = PBXGroup;
			children = (
				3B979EAE159390C30017376D /* NearestMe.app */,
			);
			name = Products;
			sourceTree = "<group>";
		};
		3B979EB1159390C30017376D /* Frameworks */ = {
			isa = PBXGroup;
			children = (
				3B979EB2159390C30017376D /* UIKit.framework */,
				3B979EB4159390C30017376D /* Foundation.framework */,
				3B979EB6159390C30017376D /* CoreData.framework */,
			);
			name = Frameworks;
			sourceTree = "<group>";
		};
		3B979EB8159390C30017376D /* NearestMe */ = {
			isa = PBXGroup;
			children = (
				C30510C51594CA86005ADFCE /* LocationEntityAnnotation.h */,
				C30510C61594CA86005ADFCE /* LocationEntityAnnotation.m */,
				3B45EA5015952BE9001403D0 /* MyLocationEntity.h */,
				3B45EA5115952BEA001403D0 /* MyLocationEntity.m */,
				3B979ECC159391410017376D /* MyLocListTableViewController.h */,
				3B979ECD159391410017376D /* MyLocListTableViewController.m */,
				3B979EE0159394D70017376D /* Nearest Location VC Group */,
				3B979EC4159390C30017376D /* NearestMe.xcdatamodeld */,
				3B979EC1159390C30017376D /* NearestMeAppDelegate.h */,
				3B979EC2159390C30017376D /* NearestMeAppDelegate.m */,
				3B45EA491594F0DA001403D0 /* NewLocationEntryVC */,
				3B979EB9159390C30017376D /* Supporting Files */,
			);
			path = NearestMe;
			sourceTree = "<group>";
		};
		3B979EB9159390C30017376D /* Supporting Files */ = {
			isa = PBXGroup;
			children = (
				3B979EDE159394060017376D /* 74-location.png */,
				3B979EDC159393FF0017376D /* 103-map.png */,
				3B979EBA159390C30017376D /* NearestMe-Info.plist */,
				3B979EBB159390C30017376D /* InfoPlist.strings */,
				3B979EBE159390C30017376D /* main.m */,
				3B979EC0159390C30017376D /* NearestMe-Prefix.pch */,
			);
			name = "Supporting Files";
			sourceTree = "<group>";
		};
		3B979EE0159394D70017376D /* Nearest Location VC Group */ = {
			isa = PBXGroup;
			children = (
				3B979ECF159391730017376D /* NearestLocationViewController.h */,
				3B979ED0159391730017376D /* NearestLocationViewController.m */,
				3B979ED1159391730017376D /* NearestLocationViewController.xib */,
			);
			name = "Nearest Location VC Group";
			sourceTree = "<group>";
		};
/* End PBXGroup section */

/* Begin PBXNativeTarget section */
		3B979EAD159390C30017376D /* NearestMe */ = {
			isa = PBXNativeTarget;
			buildConfigurationList = 3B979EC9159390C30017376D /* Build configuration list for PBXNativeTarget "NearestMe" */;
			buildPhases = (
				3B979EAA159390C30017376D /* Sources */,
				3B979EAB159390C30017376D /* Frameworks */,
				3B979EAC159390C30017376D /* Resources */,
			);
			buildRules = (
			);
			dependencies = (
			);
			name = NearestMe;
			productName = NearestMe;
			productReference = 3B979EAE159390C30017376D /* NearestMe.app */;
			productType = "com.apple.product-type.application";
		};
/* End PBXNativeTarget section */

/* Begin PBXProject section */
		3B979EA5159390C30017376D /* Project object */ = {
			isa = PBXProject;
			attributes = {
				LastUpgradeCheck = 0420;
			};
			buildConfigurationList = 3B979EA8159390C30017376D /* Build configuration list for PBXProject "NearestMe" */;
			compatibilityVersion = "Xcode 3.2";
			developmentRegion = English;
			hasScannedForEncodings = 0;
			knownRegions = (
				en,
			);
			mainGroup = 3B979EA3159390C30017376D;
			productRefGroup = 3B979EAF159390C30017376D /* Products */;
			projectDirPath = "";
			projectRoot = "";
			targets = (
				3B979EAD159390C30017376D /* NearestMe */,
			);
		};
/* End PBXProject section */

/* Begin PBXResourcesBuildPhase section */
		3B979EAC159390C30017376D /* Resources */ = {
			isa = PBXResourcesBuildPhase;
			buildActionMask = 2147483647;
			files = (
				3B979EBD159390C30017376D /* InfoPlist.strings in Resources */,
				3B979ED3159391730017376D /* NearestLocationViewController.xib in Resources */,
				3B979EDD159393FF0017376D /* 103-map.png in Resources */,
				3B979EDF159394060017376D /* 74-location.png in Resources */,
				C30510C01594B64B005ADFCE /* NewLocationEntryViewController.xib in Resources */,
			);
			runOnlyForDeploymentPostprocessing = 0;
		};
/* End PBXResourcesBuildPhase section */

/* Begin PBXSourcesBuildPhase section */
		3B979EAA159390C30017376D /* Sources */ = {
			isa = PBXSourcesBuildPhase;
			buildActionMask = 2147483647;
			files = (
				3B979EBF159390C30017376D /* main.m in Sources */,
				3B979EC3159390C30017376D /* NearestMeAppDelegate.m in Sources */,
				3B979EC6159390C30017376D /* NearestMe.xcdatamodeld in Sources */,
				3B979ECE159391410017376D /* MyLocListTableViewController.m in Sources */,
				3B979ED2159391730017376D /* NearestLocationViewController.m in Sources */,
				C30510BF1594B64B005ADFCE /* NewLocationEntryViewController.m in Sources */,
				C30510C71594CA86005ADFCE /* LocationEntityAnnotation.m in Sources */,
				3B45EA5215952BEA001403D0 /* MyLocationEntity.m in Sources */,
			);
			runOnlyForDeploymentPostprocessing = 0;
		};
/* End PBXSourcesBuildPhase section */

/* Begin PBXVariantGroup section */
		3B979EBB159390C30017376D /* InfoPlist.strings */ = {
			isa = PBXVariantGroup;
			children = (
				3B979EBC159390C30017376D /* en */,
			);
			name = InfoPlist.strings;
			sourceTree = "<group>";
		};
/* End PBXVariantGroup section */

/* Begin XCBuildConfiguration section */
		3B979EC7159390C30017376D /* Debug */ = {
			isa = XCBuildConfiguration;
			buildSettings = {
				ALWAYS_SEARCH_USER_PATHS = NO;
				ARCHS = "$(ARCHS_STANDARD_32_BIT)";
				CLANG_ENABLE_OBJC_ARC = YES;
				"CODE_SIGN_IDENTITY[sdk=iphoneos*]" = "iPhone Developer";
				COPY_PHASE_STRIP = NO;
				GCC_C_LANGUAGE_STANDARD = gnu99;
				GCC_DYNAMIC_NO_PIC = NO;
				GCC_OPTIMIZATION_LEVEL = 0;
				GCC_PREPROCESSOR_DEFINITIONS = (
					"DEBUG=1",
					"$(inherited)",
				);
				GCC_SYMBOLS_PRIVATE_EXTERN = NO;
				GCC_VERSION = com.apple.compilers.llvm.clang.1_0;
				GCC_WARN_ABOUT_MISSING_PROTOTYPES = YES;
				GCC_WARN_ABOUT_RETURN_TYPE = YES;
				GCC_WARN_UNUSED_VARIABLE = YES;
				IPHONEOS_DEPLOYMENT_TARGET = 5.0;
				SDKROOT = iphoneos;
			};
			name = Debug;
		};
		3B979EC8159390C30017376D /* Release */ = {
			isa = XCBuildConfiguration;
			buildSettings = {
				ALWAYS_SEARCH_USER_PATHS = NO;
				ARCHS = "$(ARCHS_STANDARD_32_BIT)";
				CLANG_ENABLE_OBJC_ARC = YES;
				"CODE_SIGN_IDENTITY[sdk=iphoneos*]" = "iPhone Developer";
				COPY_PHASE_STRIP = YES;
				GCC_C_LANGUAGE_STANDARD = gnu99;
				GCC_VERSION = com.apple.compilers.llvm.clang.1_0;
				GCC_WARN_ABOUT_MISSING_PROTOTYPES = YES;
				GCC_WARN_ABOUT_RETURN_TYPE = YES;
				GCC_WARN_UNUSED_VARIABLE = YES;
				IPHONEOS_DEPLOYMENT_TARGET = 5.0;
				OTHER_CFLAGS = "-DNS_BLOCK_ASSERTIONS=1";
				SDKROOT = iphoneos;
				VALIDATE_PRODUCT = YES;
			};
			name = Release;
		};
		3B979ECA159390C30017376D /* Debug */ = {
			isa = XCBuildConfiguration;
			buildSettings = {
				CLANG_ENABLE_OBJC_ARC = NO;
				GCC_PRECOMPILE_PREFIX_HEADER = YES;
				GCC_PREFIX_HEADER = "NearestMe/NearestMe-Prefix.pch";
				INFOPLIST_FILE = "NearestMe/NearestMe-Info.plist";
				PRODUCT_NAME = "$(TARGET_NAME)";
				WRAPPER_EXTENSION = app;
			};
			name = Debug;
		};
		3B979ECB159390C30017376D /* Release */ = {
			isa = XCBuildConfiguration;
			buildSettings = {
				CLANG_ENABLE_OBJC_ARC = NO;
				GCC_PRECOMPILE_PREFIX_HEADER = YES;
				GCC_PREFIX_HEADER = "NearestMe/NearestMe-Prefix.pch";
				INFOPLIST_FILE = "NearestMe/NearestMe-Info.plist";
				PRODUCT_NAME = "$(TARGET_NAME)";
				WRAPPER_EXTENSION = app;
			};
			name = Release;
		};
/* End XCBuildConfiguration section */

/* Begin XCConfigurationList section */
		3B979EA8159390C30017376D /* Build configuration list for PBXProject "NearestMe" */ = {
			isa = XCConfigurationList;
			buildConfigurations = (
				3B979EC7159390C30017376D /* Debug */,
				3B979EC8159390C30017376D /* Release */,
			);
			defaultConfigurationIsVisible = 0;
			defaultConfigurationName = Release;
		};
		3B979EC9159390C30017376D /* Build configuration list for PBXNativeTarget "NearestMe" */ = {
			isa = XCConfigurationList;
			buildConfigurations = (
				3B979ECA159390C30017376D /* Debug */,
				3B979ECB159390C30017376D /* Release */,
			);
			defaultConfigurationIsVisible = 0;
			defaultConfigurationName = Release;
		};
/* End XCConfigurationList section */

/* Begin XCVersionGroup section */
		3B979EC4159390C30017376D /* NearestMe.xcdatamodeld */ = {
			isa = XCVersionGroup;
			children = (
				3B979EC5159390C30017376D /* NearestMe.xcdatamodel */,
			);
			currentVersion = 3B979EC5159390C30017376D /* NearestMe.xcdatamodel */;
			path = NearestMe.xcdatamodeld;
			sourceTree = "<group>";
			versionGroupType = wrapper.xcdatamodel;
		};
/* End XCVersionGroup section */
	};
	rootObject = 3B979EA5159390C30017376D /* Project object */;
}
